
Microsoft Visual Studio Solution File, Format Version 12.00
# Visual Studio Version 17
VisualStudioVersion = 17.5.33502.453
MinimumVisualStudioVersion = 10.0.40219.1
Project("{FAE04EC0-301F-11D3-BF4B-00C04F79EFBC}") = "WebApplication1", "WebApplication1\WebApplication1.csproj", "{9C313375-87F6-4A4A-801F-621FAD7627E3}"
EndProject
Global
	GlobalSection(SolutionConfigurationPlatforms) = preSolution
		Debug|Any CPU = Debug|Any CPU
		Release|Any CPU = Release|Any CPU
	EndGlobalSection
	GlobalSection(ProjectConfigurationPlatforms) = postSolution
		{9C313375-87F6-4A4A-801F-621FAD7627E3}.Debug|Any CPU.ActiveCfg = Debug|Any CPU
		{9C313375-87F6-4A4A-801F-621FAD7627E3}.Debug|Any CPU.Build.0 = Debug|Any CPU
		{9C313375-87F6-4A4A-801F-621FAD7627E3}.Release|Any CPU.ActiveCfg = Release|Any CPU
		{9C313375-87F6-4A4A-801F-621FAD7627E3}.Release|Any CPU.Build.0 = Release|Any CPU
	EndGlobalSection
	GlobalSection(SolutionProperties) = preSolution
		HideSolutionNode = FALSE
	EndGlobalSection
	GlobalSection(ExtensibilityGlobals) = postSolution
		SolutionGuid = {9DDE1BC5-FE1E-47FE-9B47-37D7BE97B607}
	EndGlobalSection
EndGlobal
